// !$*UTF8*$!
{
	archiveVersion = 1;
	classes = {
	};
	objectVersion = 56;
	objects = {

/* Begin PBXBuildFile section */
		B611CE5329C3178A00B04E9B /* RegisterController.swift in Sources */ = {isa = PBXBuildFile; fileRef = B611CE5229C3178A00B04E9B /* RegisterController.swift */; };
		B611CE5529C3191F00B04E9B /* RegisterViewModel.swift in Sources */ = {isa = PBXBuildFile; fileRef = B611CE5429C3191F00B04E9B /* RegisterViewModel.swift */; };
		B611CE5729C3198E00B04E9B /* LoginViewModel.swift in Sources */ = {isa = PBXBuildFile; fileRef = B611CE5629C3198E00B04E9B /* LoginViewModel.swift */; };
		B611CE5B29C319B300B04E9B /* LoginController.swift in Sources */ = {isa = PBXBuildFile; fileRef = B611CE5A29C319B300B04E9B /* LoginController.swift */; };
		B650994A29B756F90079BD03 /* AppDelegate.swift in Sources */ = {isa = PBXBuildFile; fileRef = B650994929B756F90079BD03 /* AppDelegate.swift */; };
		B650994C29B756F90079BD03 /* SceneDelegate.swift in Sources */ = {isa = PBXBuildFile; fileRef = B650994B29B756F90079BD03 /* SceneDelegate.swift */; };
		B650995129B756F90079BD03 /* Main.storyboard in Resources */ = {isa = PBXBuildFile; fileRef = B650994F29B756F90079BD03 /* Main.storyboard */; };
		B650995329B756FA0079BD03 /* Assets.xcassets in Resources */ = {isa = PBXBuildFile; fileRef = B650995229B756FA0079BD03 /* Assets.xcassets */; };
		B650995629B756FA0079BD03 /* LaunchScreen.storyboard in Resources */ = {isa = PBXBuildFile; fileRef = B650995429B756FA0079BD03 /* LaunchScreen.storyboard */; };
		B654D8BC29B9B5440063295C /* FilterController.swift in Sources */ = {isa = PBXBuildFile; fileRef = B654D8BB29B9B5440063295C /* FilterController.swift */; };
		B654D8BF29B9B5C60063295C /* FilterTableViewCell.swift in Sources */ = {isa = PBXBuildFile; fileRef = B654D8BD29B9B5C60063295C /* FilterTableViewCell.swift */; };
		B654D8C029B9B5C60063295C /* FilterTableViewCell.xib in Resources */ = {isa = PBXBuildFile; fileRef = B654D8BE29B9B5C60063295C /* FilterTableViewCell.xib */; };
		B654D8C329B9B8C80063295C /* PanModal in Frameworks */ = {isa = PBXBuildFile; productRef = B654D8C229B9B8C80063295C /* PanModal */; };
		B654D8C529B9BAEF0063295C /* FilterViewModel.swift in Sources */ = {isa = PBXBuildFile; fileRef = B654D8C429B9BAEF0063295C /* FilterViewModel.swift */; };
		B654D8C729B9BB1B0063295C /* FilterModel.swift in Sources */ = {isa = PBXBuildFile; fileRef = B654D8C629B9BB1B0063295C /* FilterModel.swift */; };
		B654D8CB29B9F4430063295C /* HomeHeader.swift in Sources */ = {isa = PBXBuildFile; fileRef = B654D8C929B9F4430063295C /* HomeHeader.swift */; };
		B654D8CC29B9F4430063295C /* HomeHeader.xib in Resources */ = {isa = PBXBuildFile; fileRef = B654D8CA29B9F4430063295C /* HomeHeader.xib */; };
		B654D8CF29B9F7CB0063295C /* VerticalMovieCell.swift in Sources */ = {isa = PBXBuildFile; fileRef = B654D8CD29B9F7CB0063295C /* VerticalMovieCell.swift */; };
		B654D8D029B9F7CB0063295C /* VerticalMovieCell.xib in Resources */ = {isa = PBXBuildFile; fileRef = B654D8CE29B9F7CB0063295C /* VerticalMovieCell.xib */; };
		B654D8D229BB71560063295C /* SearchViewModel.swift in Sources */ = {isa = PBXBuildFile; fileRef = B654D8D129BB71560063295C /* SearchViewModel.swift */; };
		B654D8D529BB718C0063295C /* SearchManager.swift in Sources */ = {isa = PBXBuildFile; fileRef = B654D8D429BB718C0063295C /* SearchManager.swift */; };
		B654D8D729BB71950063295C /* SearchHelper.swift in Sources */ = {isa = PBXBuildFile; fileRef = B654D8D629BB71950063295C /* SearchHelper.swift */; };
		B654D8DB29BB74F40063295C /* SearchMovieCell.swift in Sources */ = {isa = PBXBuildFile; fileRef = B654D8D929BB74F40063295C /* SearchMovieCell.swift */; };
		B654D8DC29BB74F40063295C /* SearchMovieCell.xib in Resources */ = {isa = PBXBuildFile; fileRef = B654D8DA29BB74F40063295C /* SearchMovieCell.xib */; };
		B681C59629B778A30030406B /* HomeController.swift in Sources */ = {isa = PBXBuildFile; fileRef = B681C59529B778A30030406B /* HomeController.swift */; };
		B681C59829B778E90030406B /* HomeViewModel.swift in Sources */ = {isa = PBXBuildFile; fileRef = B681C59729B778E90030406B /* HomeViewModel.swift */; };
		B681C59A29B7790E0030406B /* SearchController.swift in Sources */ = {isa = PBXBuildFile; fileRef = B681C59929B7790E0030406B /* SearchController.swift */; };
		B681C59C29B779260030406B /* WatchListController.swift in Sources */ = {isa = PBXBuildFile; fileRef = B681C59B29B779260030406B /* WatchListController.swift */; };
		B681C5A029B77FA90030406B /* HorizontalMovieCell.swift in Sources */ = {isa = PBXBuildFile; fileRef = B681C59E29B77FA90030406B /* HorizontalMovieCell.swift */; };
		B681C5A129B77FA90030406B /* HorizontalMovieCell.xib in Resources */ = {isa = PBXBuildFile; fileRef = B681C59F29B77FA90030406B /* HorizontalMovieCell.xib */; };
		B6B429A329BF06950095CC4B /* DetailController.swift in Sources */ = {isa = PBXBuildFile; fileRef = B6B429A229BF06950095CC4B /* DetailController.swift */; };
		B6B429A529BF06B20095CC4B /* DetailViewModel.swift in Sources */ = {isa = PBXBuildFile; fileRef = B6B429A429BF06B20095CC4B /* DetailViewModel.swift */; };
		B6B429A829BF09DB0095CC4B /* DetailManager.swift in Sources */ = {isa = PBXBuildFile; fileRef = B6B429A729BF09DB0095CC4B /* DetailManager.swift */; };
		B6B429AA29BF09E50095CC4B /* DetailHelper.swift in Sources */ = {isa = PBXBuildFile; fileRef = B6B429A929BF09E50095CC4B /* DetailHelper.swift */; };
		B6B429AC29BF0DAB0095CC4B /* MovieDetail.swift in Sources */ = {isa = PBXBuildFile; fileRef = B6B429AB29BF0DAB0095CC4B /* MovieDetail.swift */; };
		B6D433CC29B791BA00AABFB0 /* HomeManager.swift in Sources */ = {isa = PBXBuildFile; fileRef = B6D433CB29B791BA00AABFB0 /* HomeManager.swift */; };
		B6D433D129B7922A00AABFB0 /* NetworkManager.swift in Sources */ = {isa = PBXBuildFile; fileRef = B6D433D029B7922A00AABFB0 /* NetworkManager.swift */; };
		B6D433D329B7923300AABFB0 /* NetworkHelper.swift in Sources */ = {isa = PBXBuildFile; fileRef = B6D433D229B7923300AABFB0 /* NetworkHelper.swift */; };
		B6D433D629B799C600AABFB0 /* Alamofire in Frameworks */ = {isa = PBXBuildFile; productRef = B6D433D529B799C600AABFB0 /* Alamofire */; };
		B6D433D929B799DC00AABFB0 /* SDWebImage in Frameworks */ = {isa = PBXBuildFile; productRef = B6D433D829B799DC00AABFB0 /* SDWebImage */; };
		B6D433DB29B79D3600AABFB0 /* Movies.swift in Sources */ = {isa = PBXBuildFile; fileRef = B6D433DA29B79D3600AABFB0 /* Movies.swift */; };
		B6D433DD29B7A48600AABFB0 /* HomeHelper.swift in Sources */ = {isa = PBXBuildFile; fileRef = B6D433DC29B7A48600AABFB0 /* HomeHelper.swift */; };
/* End PBXBuildFile section */

/* Begin PBXFileReference section */
		B611CE5229C3178A00B04E9B /* RegisterController.swift */ = {isa = PBXFileReference; lastKnownFileType = sourcecode.swift; path = RegisterController.swift; sourceTree = "<group>"; };
		B611CE5429C3191F00B04E9B /* RegisterViewModel.swift */ = {isa = PBXFileReference; lastKnownFileType = sourcecode.swift; path = RegisterViewModel.swift; sourceTree = "<group>"; };
		B611CE5629C3198E00B04E9B /* LoginViewModel.swift */ = {isa = PBXFileReference; lastKnownFileType = sourcecode.swift; path = LoginViewModel.swift; sourceTree = "<group>"; };
		B611CE5A29C319B300B04E9B /* LoginController.swift */ = {isa = PBXFileReference; lastKnownFileType = sourcecode.swift; path = LoginController.swift; sourceTree = "<group>"; };
		B650994629B756F90079BD03 /* MovieWorld.app */ = {isa = PBXFileReference; explicitFileType = wrapper.application; includeInIndex = 0; path = MovieWorld.app; sourceTree = BUILT_PRODUCTS_DIR; };
		B650994929B756F90079BD03 /* AppDelegate.swift */ = {isa = PBXFileReference; lastKnownFileType = sourcecode.swift; path = AppDelegate.swift; sourceTree = "<group>"; };
		B650994B29B756F90079BD03 /* SceneDelegate.swift */ = {isa = PBXFileReference; lastKnownFileType = sourcecode.swift; path = SceneDelegate.swift; sourceTree = "<group>"; };
		B650995029B756F90079BD03 /* Base */ = {isa = PBXFileReference; lastKnownFileType = file.storyboard; name = Base; path = Base.lproj/Main.storyboard; sourceTree = "<group>"; };
		B650995229B756FA0079BD03 /* Assets.xcassets */ = {isa = PBXFileReference; lastKnownFileType = folder.assetcatalog; path = Assets.xcassets; sourceTree = "<group>"; };
		B650995529B756FA0079BD03 /* Base */ = {isa = PBXFileReference; lastKnownFileType = file.storyboard; name = Base; path = Base.lproj/LaunchScreen.storyboard; sourceTree = "<group>"; };
		B650995729B756FA0079BD03 /* Info.plist */ = {isa = PBXFileReference; lastKnownFileType = text.plist.xml; path = Info.plist; sourceTree = "<group>"; };
		B654D8BB29B9B5440063295C /* FilterController.swift */ = {isa = PBXFileReference; lastKnownFileType = sourcecode.swift; path = FilterController.swift; sourceTree = "<group>"; };
		B654D8BD29B9B5C60063295C /* FilterTableViewCell.swift */ = {isa = PBXFileReference; lastKnownFileType = sourcecode.swift; path = FilterTableViewCell.swift; sourceTree = "<group>"; };
		B654D8BE29B9B5C60063295C /* FilterTableViewCell.xib */ = {isa = PBXFileReference; lastKnownFileType = file.xib; path = FilterTableViewCell.xib; sourceTree = "<group>"; };
		B654D8C429B9BAEF0063295C /* FilterViewModel.swift */ = {isa = PBXFileReference; lastKnownFileType = sourcecode.swift; path = FilterViewModel.swift; sourceTree = "<group>"; };
		B654D8C629B9BB1B0063295C /* FilterModel.swift */ = {isa = PBXFileReference; lastKnownFileType = sourcecode.swift; path = FilterModel.swift; sourceTree = "<group>"; };
		B654D8C929B9F4430063295C /* HomeHeader.swift */ = {isa = PBXFileReference; lastKnownFileType = sourcecode.swift; path = HomeHeader.swift; sourceTree = "<group>"; };
		B654D8CA29B9F4430063295C /* HomeHeader.xib */ = {isa = PBXFileReference; lastKnownFileType = file.xib; path = HomeHeader.xib; sourceTree = "<group>"; };
		B654D8CD29B9F7CB0063295C /* VerticalMovieCell.swift */ = {isa = PBXFileReference; lastKnownFileType = sourcecode.swift; path = VerticalMovieCell.swift; sourceTree = "<group>"; };
		B654D8CE29B9F7CB0063295C /* VerticalMovieCell.xib */ = {isa = PBXFileReference; lastKnownFileType = file.xib; path = VerticalMovieCell.xib; sourceTree = "<group>"; };
		B654D8D129BB71560063295C /* SearchViewModel.swift */ = {isa = PBXFileReference; lastKnownFileType = sourcecode.swift; path = SearchViewModel.swift; sourceTree = "<group>"; };
		B654D8D429BB718C0063295C /* SearchManager.swift */ = {isa = PBXFileReference; lastKnownFileType = sourcecode.swift; path = SearchManager.swift; sourceTree = "<group>"; };
		B654D8D629BB71950063295C /* SearchHelper.swift */ = {isa = PBXFileReference; lastKnownFileType = sourcecode.swift; path = SearchHelper.swift; sourceTree = "<group>"; };
		B654D8D929BB74F40063295C /* SearchMovieCell.swift */ = {isa = PBXFileReference; lastKnownFileType = sourcecode.swift; path = SearchMovieCell.swift; sourceTree = "<group>"; };
		B654D8DA29BB74F40063295C /* SearchMovieCell.xib */ = {isa = PBXFileReference; lastKnownFileType = file.xib; path = SearchMovieCell.xib; sourceTree = "<group>"; };
		B681C59529B778A30030406B /* HomeController.swift */ = {isa = PBXFileReference; lastKnownFileType = sourcecode.swift; path = HomeController.swift; sourceTree = "<group>"; };
		B681C59729B778E90030406B /* HomeViewModel.swift */ = {isa = PBXFileReference; lastKnownFileType = sourcecode.swift; path = HomeViewModel.swift; sourceTree = "<group>"; };
		B681C59929B7790E0030406B /* SearchController.swift */ = {isa = PBXFileReference; lastKnownFileType = sourcecode.swift; path = SearchController.swift; sourceTree = "<group>"; };
		B681C59B29B779260030406B /* WatchListController.swift */ = {isa = PBXFileReference; lastKnownFileType = sourcecode.swift; path = WatchListController.swift; sourceTree = "<group>"; };
		B681C59E29B77FA90030406B /* HorizontalMovieCell.swift */ = {isa = PBXFileReference; lastKnownFileType = sourcecode.swift; path = HorizontalMovieCell.swift; sourceTree = "<group>"; };
		B681C59F29B77FA90030406B /* HorizontalMovieCell.xib */ = {isa = PBXFileReference; lastKnownFileType = file.xib; path = HorizontalMovieCell.xib; sourceTree = "<group>"; };
		B6B429A229BF06950095CC4B /* DetailController.swift */ = {isa = PBXFileReference; lastKnownFileType = sourcecode.swift; path = DetailController.swift; sourceTree = "<group>"; };
		B6B429A429BF06B20095CC4B /* DetailViewModel.swift */ = {isa = PBXFileReference; lastKnownFileType = sourcecode.swift; path = DetailViewModel.swift; sourceTree = "<group>"; };
		B6B429A729BF09DB0095CC4B /* DetailManager.swift */ = {isa = PBXFileReference; lastKnownFileType = sourcecode.swift; path = DetailManager.swift; sourceTree = "<group>"; };
		B6B429A929BF09E50095CC4B /* DetailHelper.swift */ = {isa = PBXFileReference; lastKnownFileType = sourcecode.swift; path = DetailHelper.swift; sourceTree = "<group>"; };
		B6B429AB29BF0DAB0095CC4B /* MovieDetail.swift */ = {isa = PBXFileReference; lastKnownFileType = sourcecode.swift; path = MovieDetail.swift; sourceTree = "<group>"; };
		B6D433CB29B791BA00AABFB0 /* HomeManager.swift */ = {isa = PBXFileReference; lastKnownFileType = sourcecode.swift; path = HomeManager.swift; sourceTree = "<group>"; };
		B6D433D029B7922A00AABFB0 /* NetworkManager.swift */ = {isa = PBXFileReference; lastKnownFileType = sourcecode.swift; path = NetworkManager.swift; sourceTree = "<group>"; };
		B6D433D229B7923300AABFB0 /* NetworkHelper.swift */ = {isa = PBXFileReference; lastKnownFileType = sourcecode.swift; path = NetworkHelper.swift; sourceTree = "<group>"; };
		B6D433DA29B79D3600AABFB0 /* Movies.swift */ = {isa = PBXFileReference; lastKnownFileType = sourcecode.swift; path = Movies.swift; sourceTree = "<group>"; };
		B6D433DC29B7A48600AABFB0 /* HomeHelper.swift */ = {isa = PBXFileReference; lastKnownFileType = sourcecode.swift; path = HomeHelper.swift; sourceTree = "<group>"; };
/* End PBXFileReference section */

/* Begin PBXFrameworksBuildPhase section */
		B650994329B756F90079BD03 /* Frameworks */ = {
			isa = PBXFrameworksBuildPhase;
			buildActionMask = 2147483647;
			files = (
				B6D433D929B799DC00AABFB0 /* SDWebImage in Frameworks */,
				B6D433D629B799C600AABFB0 /* Alamofire in Frameworks */,
				B654D8C329B9B8C80063295C /* PanModal in Frameworks */,
			);
			runOnlyForDeploymentPostprocessing = 0;
		};
/* End PBXFrameworksBuildPhase section */

/* Begin PBXGroup section */
		B611CE4E29C3174900B04E9B /* Register */ = {
			isa = PBXGroup;
			children = (
				B611CE5129C3177800B04E9B /* View */,
				B611CE5029C3176500B04E9B /* ViewModel */,
			);
			path = Register;
			sourceTree = "<group>";
		};
		B611CE4F29C3175000B04E9B /* Login */ = {
			isa = PBXGroup;
			children = (
				B611CE5929C319A100B04E9B /* View */,
				B611CE5829C3199900B04E9B /* ViewModel */,
			);
			path = Login;
			sourceTree = "<group>";
		};
		B611CE5029C3176500B04E9B /* ViewModel */ = {
			isa = PBXGroup;
			children = (
				B611CE5429C3191F00B04E9B /* RegisterViewModel.swift */,
			);
			path = ViewModel;
			sourceTree = "<group>";
		};
		B611CE5129C3177800B04E9B /* View */ = {
			isa = PBXGroup;
			children = (
				B611CE5229C3178A00B04E9B /* RegisterController.swift */,
			);
			path = View;
			sourceTree = "<group>";
		};
		B611CE5829C3199900B04E9B /* ViewModel */ = {
			isa = PBXGroup;
			children = (
				B611CE5629C3198E00B04E9B /* LoginViewModel.swift */,
			);
			path = ViewModel;
			sourceTree = "<group>";
		};
		B611CE5929C319A100B04E9B /* View */ = {
			isa = PBXGroup;
			children = (
				B611CE5A29C319B300B04E9B /* LoginController.swift */,
			);
			name = View;
			sourceTree = "<group>";
		};
		B650993D29B756F90079BD03 = {
			isa = PBXGroup;
			children = (
				B650994829B756F90079BD03 /* MovieWorld */,
				B650994F29B756F90079BD03 /* Main.storyboard */,
				B650994729B756F90079BD03 /* Products */,
			);
			sourceTree = "<group>";
		};
		B650994729B756F90079BD03 /* Products */ = {
			isa = PBXGroup;
			children = (
				B650994629B756F90079BD03 /* MovieWorld.app */,
			);
			name = Products;
			sourceTree = "<group>";
		};
		B650994829B756F90079BD03 /* MovieWorld */ = {
			isa = PBXGroup;
			children = (
				B650995D29B757010079BD03 /* Core */,
				B681C59329B76AF10030406B /* Movie */,
			);
			path = MovieWorld;
			sourceTree = "<group>";
		};
		B650995D29B757010079BD03 /* Core */ = {
			isa = PBXGroup;
			children = (
				B650994929B756F90079BD03 /* AppDelegate.swift */,
				B650994B29B756F90079BD03 /* SceneDelegate.swift */,
				B650995229B756FA0079BD03 /* Assets.xcassets */,
				B650995429B756FA0079BD03 /* LaunchScreen.storyboard */,
				B650995729B756FA0079BD03 /* Info.plist */,
			);
			path = Core;
			sourceTree = "<group>";
		};
		B650995E29B757060079BD03 /* Scene */ = {
			isa = PBXGroup;
			children = (
				B611CE4E29C3174900B04E9B /* Register */,
				B611CE4F29C3175000B04E9B /* Login */,
				B681C58329B7605E0030406B /* Home */,
				B681C58529B760840030406B /* Search */,
				B681C58629B7608B0030406B /* WatchList */,
				B6B4299E29BEFEC50095CC4B /* Detail */,
			);
			path = Scene;
			sourceTree = "<group>";
		};
		B654D8C829B9F4210063295C /* Header */ = {
			isa = PBXGroup;
			children = (
				B654D8C929B9F4430063295C /* HomeHeader.swift */,
				B654D8CA29B9F4430063295C /* HomeHeader.xib */,
			);
			path = Header;
			sourceTree = "<group>";
		};
		B654D8D329BB717C0063295C /* Search */ = {
			isa = PBXGroup;
			children = (
				B654D8D429BB718C0063295C /* SearchManager.swift */,
				B654D8D629BB71950063295C /* SearchHelper.swift */,
			);
			path = Search;
			sourceTree = "<group>";
		};
		B654D8D829BB74DA0063295C /* Cells */ = {
			isa = PBXGroup;
			children = (
				B654D8D929BB74F40063295C /* SearchMovieCell.swift */,
				B654D8DA29BB74F40063295C /* SearchMovieCell.xib */,
			);
			path = Cells;
			sourceTree = "<group>";
		};
		B681C58329B7605E0030406B /* Home */ = {
			isa = PBXGroup;
			children = (
				B681C58D29B76AD80030406B /* Model */,
				B681C58E29B76AD80030406B /* View */,
				B681C58F29B76AD80030406B /* ViewModel */,
			);
			path = Home;
			sourceTree = "<group>";
		};
		B681C58529B760840030406B /* Search */ = {
			isa = PBXGroup;
			children = (
				B681C58829B76AB70030406B /* View */,
				B681C58729B76AAF0030406B /* ViewModel */,
			);
			path = Search;
			sourceTree = "<group>";
		};
		B681C58629B7608B0030406B /* WatchList */ = {
			isa = PBXGroup;
			children = (
				B681C59129B76ADA0030406B /* Model */,
				B681C59229B76ADA0030406B /* View */,
				B681C59029B76ADA0030406B /* ViewModel */,
			);
			path = WatchList;
			sourceTree = "<group>";
		};
		B681C58729B76AAF0030406B /* ViewModel */ = {
			isa = PBXGroup;
			children = (
				B654D8D129BB71560063295C /* SearchViewModel.swift */,
			);
			path = ViewModel;
			sourceTree = "<group>";
		};
		B681C58829B76AB70030406B /* View */ = {
			isa = PBXGroup;
			children = (
				B654D8D829BB74DA0063295C /* Cells */,
				B681C59929B7790E0030406B /* SearchController.swift */,
			);
			path = View;
			sourceTree = "<group>";
		};
		B681C58D29B76AD80030406B /* Model */ = {
			isa = PBXGroup;
			children = (
				B6D433DA29B79D3600AABFB0 /* Movies.swift */,
				B654D8C629B9BB1B0063295C /* FilterModel.swift */,
			);
			path = Model;
			sourceTree = "<group>";
		};
		B681C58E29B76AD80030406B /* View */ = {
			isa = PBXGroup;
			children = (
				B654D8C829B9F4210063295C /* Header */,
				B681C59529B778A30030406B /* HomeController.swift */,
				B654D8BB29B9B5440063295C /* FilterController.swift */,
				B681C59D29B77EFF0030406B /* Cells */,
			);
			path = View;
			sourceTree = "<group>";
		};
		B681C58F29B76AD80030406B /* ViewModel */ = {
			isa = PBXGroup;
			children = (
				B681C59729B778E90030406B /* HomeViewModel.swift */,
				B654D8C429B9BAEF0063295C /* FilterViewModel.swift */,
			);
			path = ViewModel;
			sourceTree = "<group>";
		};
		B681C59029B76ADA0030406B /* ViewModel */ = {
			isa = PBXGroup;
			children = (
			);
			path = ViewModel;
			sourceTree = "<group>";
		};
		B681C59129B76ADA0030406B /* Model */ = {
			isa = PBXGroup;
			children = (
			);
			path = Model;
			sourceTree = "<group>";
		};
		B681C59229B76ADA0030406B /* View */ = {
			isa = PBXGroup;
			children = (
				B681C59B29B779260030406B /* WatchListController.swift */,
			);
			path = View;
			sourceTree = "<group>";
		};
		B681C59329B76AF10030406B /* Movie */ = {
			isa = PBXGroup;
			children = (
				B650995E29B757060079BD03 /* Scene */,
				B681C59429B76B020030406B /* Network */,
			);
			path = Movie;
			sourceTree = "<group>";
		};
		B681C59429B76B020030406B /* Network */ = {
			isa = PBXGroup;
			children = (
				B6D433CF29B7921D00AABFB0 /* Core */,
				B6D433CA29B791AB00AABFB0 /* Home */,
				B654D8D329BB717C0063295C /* Search */,
				B6B429A629BF09C20095CC4B /* Detail */,
			);
			path = Network;
			sourceTree = "<group>";
		};
		B681C59D29B77EFF0030406B /* Cells */ = {
			isa = PBXGroup;
			children = (
				B681C59E29B77FA90030406B /* HorizontalMovieCell.swift */,
				B681C59F29B77FA90030406B /* HorizontalMovieCell.xib */,
				B654D8BD29B9B5C60063295C /* FilterTableViewCell.swift */,
				B654D8BE29B9B5C60063295C /* FilterTableViewCell.xib */,
				B654D8CD29B9F7CB0063295C /* VerticalMovieCell.swift */,
				B654D8CE29B9F7CB0063295C /* VerticalMovieCell.xib */,
			);
			path = Cells;
			sourceTree = "<group>";
		};
		B6B4299E29BEFEC50095CC4B /* Detail */ = {
			isa = PBXGroup;
			children = (
				B6B429A129BEFEF20095CC4B /* Model */,
				B6B429A029BEFEEE0095CC4B /* View */,
				B6B4299F29BEFEE70095CC4B /* ViewModel */,
			);
			path = Detail;
			sourceTree = "<group>";
		};
		B6B4299F29BEFEE70095CC4B /* ViewModel */ = {
			isa = PBXGroup;
			children = (
				B6B429A429BF06B20095CC4B /* DetailViewModel.swift */,
			);
			path = ViewModel;
			sourceTree = "<group>";
		};
		B6B429A029BEFEEE0095CC4B /* View */ = {
			isa = PBXGroup;
			children = (
				B6B429A229BF06950095CC4B /* DetailController.swift */,
			);
			path = View;
			sourceTree = "<group>";
		};
		B6B429A129BEFEF20095CC4B /* Model */ = {
			isa = PBXGroup;
			children = (
				B6B429AB29BF0DAB0095CC4B /* MovieDetail.swift */,
			);
			path = Model;
			sourceTree = "<group>";
		};
		B6B429A629BF09C20095CC4B /* Detail */ = {
			isa = PBXGroup;
			children = (
				B6B429A729BF09DB0095CC4B /* DetailManager.swift */,
				B6B429A929BF09E50095CC4B /* DetailHelper.swift */,
			);
			path = Detail;
			sourceTree = "<group>";
		};
		B6D433CA29B791AB00AABFB0 /* Home */ = {
			isa = PBXGroup;
			children = (
				B6D433CB29B791BA00AABFB0 /* HomeManager.swift */,
				B6D433DC29B7A48600AABFB0 /* HomeHelper.swift */,
			);
			path = Home;
			sourceTree = "<group>";
		};
		B6D433CF29B7921D00AABFB0 /* Core */ = {
			isa = PBXGroup;
			children = (
				B6D433D029B7922A00AABFB0 /* NetworkManager.swift */,
				B6D433D229B7923300AABFB0 /* NetworkHelper.swift */,
			);
			path = Core;
			sourceTree = "<group>";
		};
/* End PBXGroup section */

/* Begin PBXNativeTarget section */
		B650994529B756F90079BD03 /* MovieWorld */ = {
			isa = PBXNativeTarget;
			buildConfigurationList = B650995A29B756FA0079BD03 /* Build configuration list for PBXNativeTarget "MovieWorld" */;
			buildPhases = (
				B650994229B756F90079BD03 /* Sources */,
				B650994329B756F90079BD03 /* Frameworks */,
				B650994429B756F90079BD03 /* Resources */,
			);
			buildRules = (
			);
			dependencies = (
			);
			name = MovieWorld;
			packageProductDependencies = (
				B6D433D529B799C600AABFB0 /* Alamofire */,
				B6D433D829B799DC00AABFB0 /* SDWebImage */,
				B654D8C229B9B8C80063295C /* PanModal */,
			);
			productName = MovieWorld;
			productReference = B650994629B756F90079BD03 /* MovieWorld.app */;
			productType = "com.apple.product-type.application";
		};
/* End PBXNativeTarget section */

/* Begin PBXProject section */
		B650993E29B756F90079BD03 /* Project object */ = {
			isa = PBXProject;
			attributes = {
				BuildIndependentTargetsInParallel = 1;
				LastSwiftUpdateCheck = 1420;
				LastUpgradeCheck = 1420;
				TargetAttributes = {
					B650994529B756F90079BD03 = {
						CreatedOnToolsVersion = 14.2;
					};
				};
			};
			buildConfigurationList = B650994129B756F90079BD03 /* Build configuration list for PBXProject "MovieWorld" */;
			compatibilityVersion = "Xcode 14.0";
			developmentRegion = en;
			hasScannedForEncodings = 0;
			knownRegions = (
				en,
				Base,
			);
			mainGroup = B650993D29B756F90079BD03;
			packageReferences = (
				B6D433D429B799C600AABFB0 /* XCRemoteSwiftPackageReference "Alamofire" */,
				B6D433D729B799DC00AABFB0 /* XCRemoteSwiftPackageReference "SDWebImage" */,
				B654D8C129B9B8C80063295C /* XCRemoteSwiftPackageReference "PanModal" */,
			);
			productRefGroup = B650994729B756F90079BD03 /* Products */;
			projectDirPath = "";
			projectRoot = "";
			targets = (
				B650994529B756F90079BD03 /* MovieWorld */,
			);
		};
/* End PBXProject section */

/* Begin PBXResourcesBuildPhase section */
		B650994429B756F90079BD03 /* Resources */ = {
			isa = PBXResourcesBuildPhase;
			buildActionMask = 2147483647;
			files = (
				B650995629B756FA0079BD03 /* LaunchScreen.storyboard in Resources */,
				B654D8CC29B9F4430063295C /* HomeHeader.xib in Resources */,
				B654D8DC29BB74F40063295C /* SearchMovieCell.xib in Resources */,
				B650995329B756FA0079BD03 /* Assets.xcassets in Resources */,
				B681C5A129B77FA90030406B /* HorizontalMovieCell.xib in Resources */,
				B654D8C029B9B5C60063295C /* FilterTableViewCell.xib in Resources */,
				B654D8D029B9F7CB0063295C /* VerticalMovieCell.xib in Resources */,
				B650995129B756F90079BD03 /* Main.storyboard in Resources */,
			);
			runOnlyForDeploymentPostprocessing = 0;
		};
/* End PBXResourcesBuildPhase section */

/* Begin PBXSourcesBuildPhase section */
		B650994229B756F90079BD03 /* Sources */ = {
			isa = PBXSourcesBuildPhase;
			buildActionMask = 2147483647;
			files = (
				B611CE5B29C319B300B04E9B /* LoginController.swift in Sources */,
				B654D8DB29BB74F40063295C /* SearchMovieCell.swift in Sources */,
				B654D8CF29B9F7CB0063295C /* VerticalMovieCell.swift in Sources */,
				B6D433CC29B791BA00AABFB0 /* HomeManager.swift in Sources */,
				B6B429AC29BF0DAB0095CC4B /* MovieDetail.swift in Sources */,
				B650994A29B756F90079BD03 /* AppDelegate.swift in Sources */,
				B654D8BC29B9B5440063295C /* FilterController.swift in Sources */,
				B654D8D229BB71560063295C /* SearchViewModel.swift in Sources */,
				B654D8C729B9BB1B0063295C /* FilterModel.swift in Sources */,
				B611CE5729C3198E00B04E9B /* LoginViewModel.swift in Sources */,
				B6B429A529BF06B20095CC4B /* DetailViewModel.swift in Sources */,
				B654D8D729BB71950063295C /* SearchHelper.swift in Sources */,
				B6D433DB29B79D3600AABFB0 /* Movies.swift in Sources */,
				B654D8D529BB718C0063295C /* SearchManager.swift in Sources */,
				B6D433D129B7922A00AABFB0 /* NetworkManager.swift in Sources */,
				B654D8BF29B9B5C60063295C /* FilterTableViewCell.swift in Sources */,
				B681C59A29B7790E0030406B /* SearchController.swift in Sources */,
				B6B429A329BF06950095CC4B /* DetailController.swift in Sources */,
				B6B429A829BF09DB0095CC4B /* DetailManager.swift in Sources */,
				B654D8C529B9BAEF0063295C /* FilterViewModel.swift in Sources */,
				B654D8CB29B9F4430063295C /* HomeHeader.swift in Sources */,
				B6D433D329B7923300AABFB0 /* NetworkHelper.swift in Sources */,
				B681C5A029B77FA90030406B /* HorizontalMovieCell.swift in Sources */,
				B6B429AA29BF09E50095CC4B /* DetailHelper.swift in Sources */,
				B650994C29B756F90079BD03 /* SceneDelegate.swift in Sources */,
				B6D433DD29B7A48600AABFB0 /* HomeHelper.swift in Sources */,
				B611CE5329C3178A00B04E9B /* RegisterController.swift in Sources */,
				B681C59C29B779260030406B /* WatchListController.swift in Sources */,
				B611CE5529C3191F00B04E9B /* RegisterViewModel.swift in Sources */,
				B681C59629B778A30030406B /* HomeController.swift in Sources */,
				B681C59829B778E90030406B /* HomeViewModel.swift in Sources */,
			);
			runOnlyForDeploymentPostprocessing = 0;
		};
/* End PBXSourcesBuildPhase section */

/* Begin PBXVariantGroup section */
		B650994F29B756F90079BD03 /* Main.storyboard */ = {
			isa = PBXVariantGroup;
			children = (
				B650995029B756F90079BD03 /* Base */,
			);
			name = Main.storyboard;
			sourceTree = "<group>";
		};
		B650995429B756FA0079BD03 /* LaunchScreen.storyboard */ = {
			isa = PBXVariantGroup;
			children = (
				B650995529B756FA0079BD03 /* Base */,
			);
			name = LaunchScreen.storyboard;
			sourceTree = "<group>";
		};
/* End PBXVariantGroup section */

/* Begin XCBuildConfiguration section */
		B650995829B756FA0079BD03 /* Debug */ = {
			isa = XCBuildConfiguration;
			buildSettings = {
				ALWAYS_SEARCH_USER_PATHS = NO;
				CLANG_ANALYZER_NONNULL = YES;
				CLANG_ANALYZER_NUMBER_OBJECT_CONVERSION = YES_AGGRESSIVE;
				CLANG_CXX_LANGUAGE_STANDARD = "gnu++20";
				CLANG_ENABLE_MODULES = YES;
				CLANG_ENABLE_OBJC_ARC = YES;
				CLANG_ENABLE_OBJC_WEAK = YES;
				CLANG_WARN_BLOCK_CAPTURE_AUTORELEASING = YES;
				CLANG_WARN_BOOL_CONVERSION = YES;
				CLANG_WARN_COMMA = YES;
				CLANG_WARN_CONSTANT_CONVERSION = YES;
				CLANG_WARN_DEPRECATED_OBJC_IMPLEMENTATIONS = YES;
				CLANG_WARN_DIRECT_OBJC_ISA_USAGE = YES_ERROR;
				CLANG_WARN_DOCUMENTATION_COMMENTS = YES;
				CLANG_WARN_EMPTY_BODY = YES;
				CLANG_WARN_ENUM_CONVERSION = YES;
				CLANG_WARN_INFINITE_RECURSION = YES;
				CLANG_WARN_INT_CONVERSION = YES;
				CLANG_WARN_NON_LITERAL_NULL_CONVERSION = YES;
				CLANG_WARN_OBJC_IMPLICIT_RETAIN_SELF = YES;
				CLANG_WARN_OBJC_LITERAL_CONVERSION = YES;
				CLANG_WARN_OBJC_ROOT_CLASS = YES_ERROR;
				CLANG_WARN_QUOTED_INCLUDE_IN_FRAMEWORK_HEADER = YES;
				CLANG_WARN_RANGE_LOOP_ANALYSIS = YES;
				CLANG_WARN_STRICT_PROTOTYPES = YES;
				CLANG_WARN_SUSPICIOUS_MOVE = YES;
				CLANG_WARN_UNGUARDED_AVAILABILITY = YES_AGGRESSIVE;
				CLANG_WARN_UNREACHABLE_CODE = YES;
				CLANG_WARN__DUPLICATE_METHOD_MATCH = YES;
				COPY_PHASE_STRIP = NO;
				DEBUG_INFORMATION_FORMAT = dwarf;
				ENABLE_STRICT_OBJC_MSGSEND = YES;
				ENABLE_TESTABILITY = YES;
				GCC_C_LANGUAGE_STANDARD = gnu11;
				GCC_DYNAMIC_NO_PIC = NO;
				GCC_NO_COMMON_BLOCKS = YES;
				GCC_OPTIMIZATION_LEVEL = 0;
				GCC_PREPROCESSOR_DEFINITIONS = (
					"DEBUG=1",
					"$(inherited)",
				);
				GCC_WARN_64_TO_32_BIT_CONVERSION = YES;
				GCC_WARN_ABOUT_RETURN_TYPE = YES_ERROR;
				GCC_WARN_UNDECLARED_SELECTOR = YES;
				GCC_WARN_UNINITIALIZED_AUTOS = YES_AGGRESSIVE;
				GCC_WARN_UNUSED_FUNCTION = YES;
				GCC_WARN_UNUSED_VARIABLE = YES;
				IPHONEOS_DEPLOYMENT_TARGET = 16.2;
				MTL_ENABLE_DEBUG_INFO = INCLUDE_SOURCE;
				MTL_FAST_MATH = YES;
				ONLY_ACTIVE_ARCH = YES;
				SDKROOT = iphoneos;
				SWIFT_ACTIVE_COMPILATION_CONDITIONS = DEBUG;
				SWIFT_OPTIMIZATION_LEVEL = "-Onone";
			};
			name = Debug;
		};
		B650995929B756FA0079BD03 /* Release */ = {
			isa = XCBuildConfiguration;
			buildSettings = {
				ALWAYS_SEARCH_USER_PATHS = NO;
				CLANG_ANALYZER_NONNULL = YES;
				CLANG_ANALYZER_NUMBER_OBJECT_CONVERSION = YES_AGGRESSIVE;
				CLANG_CXX_LANGUAGE_STANDARD = "gnu++20";
				CLANG_ENABLE_MODULES = YES;
				CLANG_ENABLE_OBJC_ARC = YES;
				CLANG_ENABLE_OBJC_WEAK = YES;
				CLANG_WARN_BLOCK_CAPTURE_AUTORELEASING = YES;
				CLANG_WARN_BOOL_CONVERSION = YES;
				CLANG_WARN_COMMA = YES;
				CLANG_WARN_CONSTANT_CONVERSION = YES;
				CLANG_WARN_DEPRECATED_OBJC_IMPLEMENTATIONS = YES;
				CLANG_WARN_DIRECT_OBJC_ISA_USAGE = YES_ERROR;
				CLANG_WARN_DOCUMENTATION_COMMENTS = YES;
				CLANG_WARN_EMPTY_BODY = YES;
				CLANG_WARN_ENUM_CONVERSION = YES;
				CLANG_WARN_INFINITE_RECURSION = YES;
				CLANG_WARN_INT_CONVERSION = YES;
				CLANG_WARN_NON_LITERAL_NULL_CONVERSION = YES;
				CLANG_WARN_OBJC_IMPLICIT_RETAIN_SELF = YES;
				CLANG_WARN_OBJC_LITERAL_CONVERSION = YES;
				CLANG_WARN_OBJC_ROOT_CLASS = YES_ERROR;
				CLANG_WARN_QUOTED_INCLUDE_IN_FRAMEWORK_HEADER = YES;
				CLANG_WARN_RANGE_LOOP_ANALYSIS = YES;
				CLANG_WARN_STRICT_PROTOTYPES = YES;
				CLANG_WARN_SUSPICIOUS_MOVE = YES;
				CLANG_WARN_UNGUARDED_AVAILABILITY = YES_AGGRESSIVE;
				CLANG_WARN_UNREACHABLE_CODE = YES;
				CLANG_WARN__DUPLICATE_METHOD_MATCH = YES;
				COPY_PHASE_STRIP = NO;
				DEBUG_INFORMATION_FORMAT = "dwarf-with-dsym";
				ENABLE_NS_ASSERTIONS = NO;
				ENABLE_STRICT_OBJC_MSGSEND = YES;
				GCC_C_LANGUAGE_STANDARD = gnu11;
				GCC_NO_COMMON_BLOCKS = YES;
				GCC_WARN_64_TO_32_BIT_CONVERSION = YES;
				GCC_WARN_ABOUT_RETURN_TYPE = YES_ERROR;
				GCC_WARN_UNDECLARED_SELECTOR = YES;
				GCC_WARN_UNINITIALIZED_AUTOS = YES_AGGRESSIVE;
				GCC_WARN_UNUSED_FUNCTION = YES;
				GCC_WARN_UNUSED_VARIABLE = YES;
				IPHONEOS_DEPLOYMENT_TARGET = 16.2;
				MTL_ENABLE_DEBUG_INFO = NO;
				MTL_FAST_MATH = YES;
				SDKROOT = iphoneos;
				SWIFT_COMPILATION_MODE = wholemodule;
				SWIFT_OPTIMIZATION_LEVEL = "-O";
				VALIDATE_PRODUCT = YES;
			};
			name = Release;
		};
		B650995B29B756FA0079BD03 /* Debug */ = {
			isa = XCBuildConfiguration;
			buildSettings = {
				ASSETCATALOG_COMPILER_APPICON_NAME = AppIcon;
				ASSETCATALOG_COMPILER_GLOBAL_ACCENT_COLOR_NAME = AccentColor;
				CODE_SIGN_STYLE = Automatic;
				CURRENT_PROJECT_VERSION = 1;
				DEVELOPMENT_TEAM = VPZ673SNB7;
				GENERATE_INFOPLIST_FILE = YES;
				INFOPLIST_FILE = MovieWorld/Core/Info.plist;
				INFOPLIST_KEY_UIApplicationSupportsIndirectInputEvents = YES;
				INFOPLIST_KEY_UILaunchStoryboardName = LaunchScreen;
				INFOPLIST_KEY_UIMainStoryboardFile = Main;
				INFOPLIST_KEY_UISupportedInterfaceOrientations_iPad = "UIInterfaceOrientationPortrait UIInterfaceOrientationPortraitUpsideDown UIInterfaceOrientationLandscapeLeft UIInterfaceOrientationLandscapeRight";
				INFOPLIST_KEY_UISupportedInterfaceOrientations_iPhone = "UIInterfaceOrientationPortrait UIInterfaceOrientationLandscapeLeft UIInterfaceOrientationLandscapeRight";
				LD_RUNPATH_SEARCH_PATHS = (
					"$(inherited)",
					"@executable_path/Frameworks",
				);
				MARKETING_VERSION = 1.0;
				PRODUCT_BUNDLE_IDENTIFIER = dev.oemurlu.MovieWorld;
				PRODUCT_NAME = "$(TARGET_NAME)";
				SWIFT_EMIT_LOC_STRINGS = YES;
				SWIFT_VERSION = 5.0;
				TARGETED_DEVICE_FAMILY = "1,2";
			};
			name = Debug;
		};
		B650995C29B756FA0079BD03 /* Release */ = {
			isa = XCBuildConfiguration;
			buildSettings = {
				ASSETCATALOG_COMPILER_APPICON_NAME = AppIcon;
				ASSETCATALOG_COMPILER_GLOBAL_ACCENT_COLOR_NAME = AccentColor;
				CODE_SIGN_STYLE = Automatic;
				CURRENT_PROJECT_VERSION = 1;
				DEVELOPMENT_TEAM = VPZ673SNB7;
				GENERATE_INFOPLIST_FILE = YES;
				INFOPLIST_FILE = MovieWorld/Core/Info.plist;
				INFOPLIST_KEY_UIApplicationSupportsIndirectInputEvents = YES;
				INFOPLIST_KEY_UILaunchStoryboardName = LaunchScreen;
				INFOPLIST_KEY_UIMainStoryboardFile = Main;
				INFOPLIST_KEY_UISupportedInterfaceOrientations_iPad = "UIInterfaceOrientationPortrait UIInterfaceOrientationPortraitUpsideDown UIInterfaceOrientationLandscapeLeft UIInterfaceOrientationLandscapeRight";
				INFOPLIST_KEY_UISupportedInterfaceOrientations_iPhone = "UIInterfaceOrientationPortrait UIInterfaceOrientationLandscapeLeft UIInterfaceOrientationLandscapeRight";
				LD_RUNPATH_SEARCH_PATHS = (
					"$(inherited)",
					"@executable_path/Frameworks",
				);
				MARKETING_VERSION = 1.0;
				PRODUCT_BUNDLE_IDENTIFIER = dev.oemurlu.MovieWorld;
				PRODUCT_NAME = "$(TARGET_NAME)";
				SWIFT_EMIT_LOC_STRINGS = YES;
				SWIFT_VERSION = 5.0;
				TARGETED_DEVICE_FAMILY = "1,2";
			};
			name = Release;
		};
/* End XCBuildConfiguration section */

/* Begin XCConfigurationList section */
		B650994129B756F90079BD03 /* Build configuration list for PBXProject "MovieWorld" */ = {
			isa = XCConfigurationList;
			buildConfigurations = (
				B650995829B756FA0079BD03 /* Debug */,
				B650995929B756FA0079BD03 /* Release */,
			);
			defaultConfigurationIsVisible = 0;
			defaultConfigurationName = Release;
		};
		B650995A29B756FA0079BD03 /* Build configuration list for PBXNativeTarget "MovieWorld" */ = {
			isa = XCConfigurationList;
			buildConfigurations = (
				B650995B29B756FA0079BD03 /* Debug */,
				B650995C29B756FA0079BD03 /* Release */,
			);
			defaultConfigurationIsVisible = 0;
			defaultConfigurationName = Release;
		};
/* End XCConfigurationList section */

/* Begin XCRemoteSwiftPackageReference section */
		B654D8C129B9B8C80063295C /* XCRemoteSwiftPackageReference "PanModal" */ = {
			isa = XCRemoteSwiftPackageReference;
			repositoryURL = "https://github.com/slackhq/PanModal.git";
			requirement = {
				branch = master;
				kind = branch;
			};
		};
		B6D433D429B799C600AABFB0 /* XCRemoteSwiftPackageReference "Alamofire" */ = {
			isa = XCRemoteSwiftPackageReference;
			repositoryURL = "https://github.com/Alamofire/Alamofire.git";
			requirement = {
				kind = upToNextMajorVersion;
				minimumVersion = 5.0.0;
			};
		};
		B6D433D729B799DC00AABFB0 /* XCRemoteSwiftPackageReference "SDWebImage" */ = {
			isa = XCRemoteSwiftPackageReference;
			repositoryURL = "https://github.com/SDWebImage/SDWebImage";
			requirement = {
				kind = upToNextMajorVersion;
				minimumVersion = 5.0.0;
			};
		};
/* End XCRemoteSwiftPackageReference section */

/* Begin XCSwiftPackageProductDependency section */
		B654D8C229B9B8C80063295C /* PanModal */ = {
			isa = XCSwiftPackageProductDependency;
			package = B654D8C129B9B8C80063295C /* XCRemoteSwiftPackageReference "PanModal" */;
			productName = PanModal;
		};
		B6D433D529B799C600AABFB0 /* Alamofire */ = {
			isa = XCSwiftPackageProductDependency;
			package = B6D433D429B799C600AABFB0 /* XCRemoteSwiftPackageReference "Alamofire" */;
			productName = Alamofire;
		};
		B6D433D829B799DC00AABFB0 /* SDWebImage */ = {
			isa = XCSwiftPackageProductDependency;
			package = B6D433D729B799DC00AABFB0 /* XCRemoteSwiftPackageReference "SDWebImage" */;
			productName = SDWebImage;
		};
/* End XCSwiftPackageProductDependency section */
	};
	rootObject = B650993E29B756F90079BD03 /* Project object */;
}
